
Microsoft Visual Studio Solution File, Format Version 12.00
# Visual Studio 15
VisualStudioVersion = 15.0.27428.2015
MinimumVisualStudioVersion = 10.0.40219.1
Project("{FAE04EC0-301F-11D3-BF4B-00C04F79EFBC}") = "RightMove", "RightMove\RightMove.csproj", "{73084707-F6A7-481B-93D7-AFAD07752462}"
EndProject
Project("{FAE04EC0-301F-11D3-BF4B-00C04F79EFBC}") = "RightMove.Tests", "RightMove.Tests\RightMove.Tests.csproj", "{1071FBCF-B34E-4D93-A8F4-1C155B6E185A}"
EndProject
Global
	GlobalSection(SolutionConfigurationPlatforms) = preSolution
		Debug|Any CPU = Debug|Any CPU
		Release|Any CPU = Release|Any CPU
	EndGlobalSection
	GlobalSection(ProjectConfigurationPlatforms) = postSolution
		{73084707-F6A7-481B-93D7-AFAD07752462}.Debug|Any CPU.ActiveCfg = Debug|Any CPU
		{73084707-F6A7-481B-93D7-AFAD07752462}.Debug|Any CPU.Build.0 = Debug|Any CPU
		{73084707-F6A7-481B-93D7-AFAD07752462}.Release|Any CPU.ActiveCfg = Release|Any CPU
		{73084707-F6A7-481B-93D7-AFAD07752462}.Release|Any CPU.Build.0 = Release|Any CPU
		{1071FBCF-B34E-4D93-A8F4-1C155B6E185A}.Debug|Any CPU.ActiveCfg = Debug|Any CPU
		{1071FBCF-B34E-4D93-A8F4-1C155B6E185A}.Debug|Any CPU.Build.0 = Debug|Any CPU
		{1071FBCF-B34E-4D93-A8F4-1C155B6E185A}.Release|Any CPU.ActiveCfg = Release|Any CPU
		{1071FBCF-B34E-4D93-A8F4-1C155B6E185A}.Release|Any CPU.Build.0 = Release|Any CPU
	EndGlobalSection
	GlobalSection(SolutionProperties) = preSolution
		HideSolutionNode = FALSE
	EndGlobalSection
	GlobalSection(ExtensibilityGlobals) = postSolution
		SolutionGuid = {0EA9C47D-94F0-4329-AF5E-8F69B2E23D21}
	EndGlobalSection
EndGlobal
